
Microsoft Visual Studio Solution File, Format Version 12.00
# Visual Studio Version 17
VisualStudioVersion = 17.3.32811.315
MinimumVisualStudioVersion = 10.0.40219.1
Project("{FAE04EC0-301F-11D3-BF4B-00C04F79EFBC}") = "tcpserver", "tcpserver\tcpserver.csproj", "{4A699716-8997-415F-BCDA-6FDFD95059CF}"
EndProject
Global
	GlobalSection(SolutionConfigurationPlatforms) = preSolution
		Debug|Any CPU = Debug|Any CPU
		Release|Any CPU = Release|Any CPU
	EndGlobalSection
	GlobalSection(ProjectConfigurationPlatforms) = postSolution
		{4A699716-8997-415F-BCDA-6FDFD95059CF}.Debug|Any CPU.ActiveCfg = Debug|Any CPU
		{4A699716-8997-415F-BCDA-6FDFD95059CF}.Debug|Any CPU.Build.0 = Debug|Any CPU
		{4A699716-8997-415F-BCDA-6FDFD95059CF}.Release|Any CPU.ActiveCfg = Release|Any CPU
		{4A699716-8997-415F-BCDA-6FDFD95059CF}.Release|Any CPU.Build.0 = Release|Any CPU
	EndGlobalSection
	GlobalSection(SolutionProperties) = preSolution
		HideSolutionNode = FALSE
	EndGlobalSection
	GlobalSection(ExtensibilityGlobals) = postSolution
		SolutionGuid = {56B69EF2-712A-4DC6-B587-99DBA13EE5EA}
	EndGlobalSection
EndGlobal
