
Microsoft Visual Studio Solution File, Format Version 12.00
# Visual Studio Version 17
VisualStudioVersion = 17.3.32811.315
MinimumVisualStudioVersion = 10.0.40219.1
Project("{9A19103F-16F7-4668-BE54-9A1E7A4F7556}") = "tcpserver", "tcpserver\tcpserver.csproj", "{4A699716-8997-415F-BCDA-6FDFD95059CF}"
EndProject
Project("{9A19103F-16F7-4668-BE54-9A1E7A4F7556}") = "tcpclient", "tcpclient\tcpclient.csproj", "{A26CBAC2-BC10-46AA-B598-C4C50CE37A50}"
EndProject
Project("{9A19103F-16F7-4668-BE54-9A1E7A4F7556}") = "async-tcpserver", "async-tcpserver\async-tcpserver.csproj", "{0CB37434-819F-4B65-AF0A-A17CF2E0D77B}"
EndProject
Project("{FAE04EC0-301F-11D3-BF4B-00C04F79EFBC}") = "async-tcpclient", "async-tcpclient\async-tcpclient.csproj", "{0FE3C938-3E8C-4A4F-AAD2-26706BE5E8A2}"
EndProject
Global
	GlobalSection(SolutionConfigurationPlatforms) = preSolution
		Debug|Any CPU = Debug|Any CPU
		Release|Any CPU = Release|Any CPU
	EndGlobalSection
	GlobalSection(ProjectConfigurationPlatforms) = postSolution
		{4A699716-8997-415F-BCDA-6FDFD95059CF}.Debug|Any CPU.ActiveCfg = Debug|Any CPU
		{4A699716-8997-415F-BCDA-6FDFD95059CF}.Debug|Any CPU.Build.0 = Debug|Any CPU
		{4A699716-8997-415F-BCDA-6FDFD95059CF}.Release|Any CPU.ActiveCfg = Release|Any CPU
		{4A699716-8997-415F-BCDA-6FDFD95059CF}.Release|Any CPU.Build.0 = Release|Any CPU
		{A26CBAC2-BC10-46AA-B598-C4C50CE37A50}.Debug|Any CPU.ActiveCfg = Debug|Any CPU
		{A26CBAC2-BC10-46AA-B598-C4C50CE37A50}.Debug|Any CPU.Build.0 = Debug|Any CPU
		{A26CBAC2-BC10-46AA-B598-C4C50CE37A50}.Release|Any CPU.ActiveCfg = Release|Any CPU
		{A26CBAC2-BC10-46AA-B598-C4C50CE37A50}.Release|Any CPU.Build.0 = Release|Any CPU
		{0CB37434-819F-4B65-AF0A-A17CF2E0D77B}.Debug|Any CPU.ActiveCfg = Debug|Any CPU
		{0CB37434-819F-4B65-AF0A-A17CF2E0D77B}.Debug|Any CPU.Build.0 = Debug|Any CPU
		{0CB37434-819F-4B65-AF0A-A17CF2E0D77B}.Release|Any CPU.ActiveCfg = Release|Any CPU
		{0CB37434-819F-4B65-AF0A-A17CF2E0D77B}.Release|Any CPU.Build.0 = Release|Any CPU
		{0FE3C938-3E8C-4A4F-AAD2-26706BE5E8A2}.Debug|Any CPU.ActiveCfg = Debug|Any CPU
		{0FE3C938-3E8C-4A4F-AAD2-26706BE5E8A2}.Debug|Any CPU.Build.0 = Debug|Any CPU
		{0FE3C938-3E8C-4A4F-AAD2-26706BE5E8A2}.Release|Any CPU.ActiveCfg = Release|Any CPU
		{0FE3C938-3E8C-4A4F-AAD2-26706BE5E8A2}.Release|Any CPU.Build.0 = Release|Any CPU
	EndGlobalSection
	GlobalSection(SolutionProperties) = preSolution
		HideSolutionNode = FALSE
	EndGlobalSection
	GlobalSection(ExtensibilityGlobals) = postSolution
		SolutionGuid = {56B69EF2-712A-4DC6-B587-99DBA13EE5EA}
	EndGlobalSection
EndGlobal
